# This file is automatically @generated by Cargo.
# It is not intended for manual editing.
version = 4

[[package]]
name = "scia"
version = "0.0.0"
dependencies = [
 "scia-core",
 "scia-meta",
 "scia-scenes",
 "scia-tui",
]

[[package]]
name = "scia-bridge"
version = "0.0.0"
dependencies = [
 "scia-core",
]

[[package]]
name = "scia-core"
version = "0.0.0"

[[package]]
name = "scia-meta"
version = "0.0.0"
dependencies = [
 "scia-core",
]

[[package]]
name = "scia-scenes"
version = "0.0.0"
dependencies = [
 "scia-core",
]

[[package]]
name = "scia-tui"
version = "0.0.0"
dependencies = [
 "scia-core",
 "scia-scenes",
]
