# This file is automatically @generated by Cargo.
# It is not intended for manual editing.
version = 4

[[package]]
name = "rtrb"
version = "0.4.0"
source = "registry+https://github.com/rust-lang/crates.io-index"
checksum = "9278fb35b3e730abe136e9b395b5b81b96d06b9f5478a50f0c8430a2237b22de"

[[package]]
name = "scia"
version = "0.0.0"
dependencies = [
 "scia-core",
 "scia-meta",
 "scia-scenes",
 "scia-tui",
]

[[package]]
name = "scia-bridge"
version = "0.0.0"
dependencies = [
 "rtrb",
 "scia-core",
]

[[package]]
name = "scia-core"
version = "0.0.0"

[[package]]
name = "scia-meta"
version = "0.0.0"
dependencies = [
 "scia-core",
]

[[package]]
name = "scia-scenes"
version = "0.0.0"
dependencies = [
 "scia-core",
]

[[package]]
name = "scia-tui"
version = "0.0.0"
dependencies = [
 "scia-core",
 "scia-scenes",
]
