# This file is automatically @generated by Cargo.
# It is not intended for manual editing.
version = 4

[[package]]
name = "crossbeam-utils"
version = "0.8.22"
source = "registry+https://github.com/rust-lang/crates.io-index"
checksum = "61803da095bee82a81bb1a452ecc25d3b2f1416d1897eb86430c6159ef717c17"

[[package]]
name = "proc-macro2"
version = "1.0.107"
source = "registry+https://github.com/rust-lang/crates.io-index"
checksum = "985e7ec9bb745e6ce6535b544d84d6cd6f7ad8bd711c398938ae983b91a766d9"
dependencies = [
 "unicode-ident",
]

[[package]]
name = "quote"
version = "1.0.47"
source = "registry+https://github.com/rust-lang/crates.io-index"
checksum = "1fbf4db142a473a8d80c26bbf18454ed458bf8d26c8219c331daecfdbd079001"
dependencies = [
 "proc-macro2",
]

[[package]]
name = "rtrb"
version = "0.3.5"
source = "registry+https://github.com/rust-lang/crates.io-index"
checksum = "fae8ee26b0371a29a77d2b2d6b3ae13aa81def6f9bf1b1b92a32d279a5e709b7"

[[package]]
name = "scia"
version = "0.0.0"
dependencies = [
 "scia-core",
 "scia-meta",
 "scia-scenes",
 "scia-tui",
]

[[package]]
name = "scia-bridge"
version = "0.0.0"
dependencies = [
 "scia-core",
]

[[package]]
name = "scia-core"
version = "0.0.0"
dependencies = [
 "rtrb",
 "thiserror",
 "triple_buffer",
]

[[package]]
name = "scia-meta"
version = "0.0.0"
dependencies = [
 "scia-core",
]

[[package]]
name = "scia-scenes"
version = "0.0.0"
dependencies = [
 "scia-core",
]

[[package]]
name = "scia-tui"
version = "0.0.0"
dependencies = [
 "scia-core",
 "scia-scenes",
]

[[package]]
name = "syn"
version = "3.0.4"
source = "registry+https://github.com/rust-lang/crates.io-index"
checksum = "e6275cddf4610d1775e6d1fe9469b2e77d0f39fd98fb7450901b821e0c53649f"
dependencies = [
 "proc-macro2",
 "quote",
 "unicode-ident",
]

[[package]]
name = "thiserror"
version = "2.0.20"
source = "registry+https://github.com/rust-lang/crates.io-index"
checksum = "ec86235f5fcc2a73650310756d2ac5b138a5780bbbdfae3eeccec992c435ba4f"
dependencies = [
 "thiserror-impl",
]

[[package]]
name = "thiserror-impl"
version = "2.0.20"
source = "registry+https://github.com/rust-lang/crates.io-index"
checksum = "bc04cd3e1236dd4a98afca4569f2deb3f120e5422a4023be2cb683f8486292af"
dependencies = [
 "proc-macro2",
 "quote",
 "syn",
]

[[package]]
name = "triple_buffer"
version = "8.1.1"
source = "registry+https://github.com/rust-lang/crates.io-index"
checksum = "420466259f9fa5decc654c490b9ab538400e5420df8237f84ecbe20368bcf72b"
dependencies = [
 "crossbeam-utils",
]

[[package]]
name = "unicode-ident"
version = "1.0.24"
source = "registry+https://github.com/rust-lang/crates.io-index"
checksum = "e6e4313cd5fcd3dad5cafa179702e2b244f760991f45397d14d4ebf38247da75"
